
Microsoft Visual Studio Solution File, Format Version 12.00
# Visual Studio Version 17
VisualStudioVersion = 17.13.35806.99 d17.13
MinimumVisualStudioVersion = 10.0.40219.1
Project("{FAE04EC0-301F-11D3-BF4B-00C04F79EFBC}") = "p36_photo_table", "p36_photo_table\p36_photo_table.csproj", "{BC72171B-1B9F-47F2-8434-767F5C234439}"
EndProject
Global
	GlobalSection(SolutionConfigurationPlatforms) = preSolution
		Debug|Any CPU = Debug|Any CPU
		Release|Any CPU = Release|Any CPU
	EndGlobalSection
	GlobalSection(ProjectConfigurationPlatforms) = postSolution
		{BC72171B-1B9F-47F2-8434-767F5C234439}.Debug|Any CPU.ActiveCfg = Debug|Any CPU
		{BC72171B-1B9F-47F2-8434-767F5C234439}.Debug|Any CPU.Build.0 = Debug|Any CPU
		{BC72171B-1B9F-47F2-8434-767F5C234439}.Release|Any CPU.ActiveCfg = Release|Any CPU
		{BC72171B-1B9F-47F2-8434-767F5C234439}.Release|Any CPU.Build.0 = Release|Any CPU
	EndGlobalSection
	GlobalSection(SolutionProperties) = preSolution
		HideSolutionNode = FALSE
	EndGlobalSection
	GlobalSection(ExtensibilityGlobals) = postSolution
		SolutionGuid = {C72E6494-179A-4479-990E-1378DE23B2EF}
	EndGlobalSection
EndGlobal
